
Microsoft Visual Studio Solution File, Format Version 12.00
# Visual Studio 15
VisualStudioVersion = 15.0.26430.13
MinimumVisualStudioVersion = 10.0.40219.1
Project("{FAE04EC0-301F-11D3-BF4B-00C04F79EFBC}") = "Krillin.App.Android", "Krillin.App\Krillin.App.Android\Krillin.App.Android.csproj", "{3FB52A4A-FB84-430E-B7CF-A7895924546A}"
EndProject
Project("{FAE04EC0-301F-11D3-BF4B-00C04F79EFBC}") = "Krillin.App", "Krillin.App\Krillin.App\Krillin.App.csproj", "{D0CC2CF8-70D7-4FCF-951F-F0B860E5C846}"
EndProject
Project("{FAE04EC0-301F-11D3-BF4B-00C04F79EFBC}") = "Krillin.App.UWP", "Krillin.App\Krillin.App.UWP\Krillin.App.UWP.csproj", "{70A997D8-0139-48A5-968F-79B37D46A57C}"
EndProject
Project("{FAE04EC0-301F-11D3-BF4B-00C04F79EFBC}") = "Krillin.App.iOS", "Krillin.App\Krillin.App.iOS\Krillin.App.iOS.csproj", "{188D3C7E-DD07-4AED-9943-BEA4882F9548}"
EndProject
Project("{2150E333-8FDC-42A3-9474-1A3956D46DE8}") = "1.Platforms", "1.Platforms", "{47F31AED-0FCD-4034-9ACF-7E8B438A3490}"
EndProject
Project("{2150E333-8FDC-42A3-9474-1A3956D46DE8}") = "2.Core", "2.Core", "{D6580C2D-E850-44CA-960A-2DDD1A5F5AB4}"
EndProject
Project("{2150E333-8FDC-42A3-9474-1A3956D46DE8}") = "0.Tests", "0.Tests", "{1348D569-3172-449E-BD0D-DC2B9D912436}"
EndProject
Global
	GlobalSection(SolutionConfigurationPlatforms) = preSolution
		Ad-Hoc|Any CPU = Ad-Hoc|Any CPU
		Ad-Hoc|ARM = Ad-Hoc|ARM
		Ad-Hoc|iPhone = Ad-Hoc|iPhone
		Ad-Hoc|iPhoneSimulator = Ad-Hoc|iPhoneSimulator
		Ad-Hoc|x64 = Ad-Hoc|x64
		Ad-Hoc|x86 = Ad-Hoc|x86
		AppStore|Any CPU = AppStore|Any CPU
		AppStore|ARM = AppStore|ARM
		AppStore|iPhone = AppStore|iPhone
		AppStore|iPhoneSimulator = AppStore|iPhoneSimulator
		AppStore|x64 = AppStore|x64
		AppStore|x86 = AppStore|x86
		Debug|Any CPU = Debug|Any CPU
		Debug|ARM = Debug|ARM
		Debug|iPhone = Debug|iPhone
		Debug|iPhoneSimulator = Debug|iPhoneSimulator
		Debug|x64 = Debug|x64
		Debug|x86 = Debug|x86
		Release|Any CPU = Release|Any CPU
		Release|ARM = Release|ARM
		Release|iPhone = Release|iPhone
		Release|iPhoneSimulator = Release|iPhoneSimulator
		Release|x64 = Release|x64
		Release|x86 = Release|x86
	EndGlobalSection
	GlobalSection(ProjectConfigurationPlatforms) = postSolution
		{3FB52A4A-FB84-430E-B7CF-A7895924546A}.Ad-Hoc|Any CPU.ActiveCfg = Release|Any CPU
		{3FB52A4A-FB84-430E-B7CF-A7895924546A}.Ad-Hoc|Any CPU.Build.0 = Release|Any CPU
		{3FB52A4A-FB84-430E-B7CF-A7895924546A}.Ad-Hoc|Any CPU.Deploy.0 = Release|Any CPU
		{3FB52A4A-FB84-430E-B7CF-A7895924546A}.Ad-Hoc|ARM.ActiveCfg = Release|Any CPU
		{3FB52A4A-FB84-430E-B7CF-A7895924546A}.Ad-Hoc|ARM.Build.0 = Release|Any CPU
		{3FB52A4A-FB84-430E-B7CF-A7895924546A}.Ad-Hoc|ARM.Deploy.0 = Release|Any CPU
		{3FB52A4A-FB84-430E-B7CF-A7895924546A}.Ad-Hoc|iPhone.ActiveCfg = Release|Any CPU
		{3FB52A4A-FB84-430E-B7CF-A7895924546A}.Ad-Hoc|iPhone.Build.0 = Release|Any CPU
		{3FB52A4A-FB84-430E-B7CF-A7895924546A}.Ad-Hoc|iPhone.Deploy.0 = Release|Any CPU
		{3FB52A4A-FB84-430E-B7CF-A7895924546A}.Ad-Hoc|iPhoneSimulator.ActiveCfg = Release|Any CPU
		{3FB52A4A-FB84-430E-B7CF-A7895924546A}.Ad-Hoc|iPhoneSimulator.Build.0 = Release|Any CPU
		{3FB52A4A-FB84-430E-B7CF-A7895924546A}.Ad-Hoc|iPhoneSimulator.Deploy.0 = Release|Any CPU
		{3FB52A4A-FB84-430E-B7CF-A7895924546A}.Ad-Hoc|x64.ActiveCfg = Release|Any CPU
		{3FB52A4A-FB84-430E-B7CF-A7895924546A}.Ad-Hoc|x64.Build.0 = Release|Any CPU
		{3FB52A4A-FB84-430E-B7CF-A7895924546A}.Ad-Hoc|x64.Deploy.0 = Release|Any CPU
		{3FB52A4A-FB84-430E-B7CF-A7895924546A}.Ad-Hoc|x86.ActiveCfg = Release|Any CPU
		{3FB52A4A-FB84-430E-B7CF-A7895924546A}.Ad-Hoc|x86.Build.0 = Release|Any CPU
		{3FB52A4A-FB84-430E-B7CF-A7895924546A}.Ad-Hoc|x86.Deploy.0 = Release|Any CPU
		{3FB52A4A-FB84-430E-B7CF-A7895924546A}.AppStore|Any CPU.ActiveCfg = Release|Any CPU
		{3FB52A4A-FB84-430E-B7CF-A7895924546A}.AppStore|Any CPU.Build.0 = Release|Any CPU
		{3FB52A4A-FB84-430E-B7CF-A7895924546A}.AppStore|Any CPU.Deploy.0 = Release|Any CPU
		{3FB52A4A-FB84-430E-B7CF-A7895924546A}.AppStore|ARM.ActiveCfg = Release|Any CPU
		{3FB52A4A-FB84-430E-B7CF-A7895924546A}.AppStore|ARM.Build.0 = Release|Any CPU
		{3FB52A4A-FB84-430E-B7CF-A7895924546A}.AppStore|ARM.Deploy.0 = Release|Any CPU
		{3FB52A4A-FB84-430E-B7CF-A7895924546A}.AppStore|iPhone.ActiveCfg = Release|Any CPU
		{3FB52A4A-FB84-430E-B7CF-A7895924546A}.AppStore|iPhone.Build.0 = Release|Any CPU
		{3FB52A4A-FB84-430E-B7CF-A7895924546A}.AppStore|iPhone.Deploy.0 = Release|Any CPU
		{3FB52A4A-FB84-430E-B7CF-A7895924546A}.AppStore|iPhoneSimulator.ActiveCfg = Release|Any CPU
		{3FB52A4A-FB84-430E-B7CF-A7895924546A}.AppStore|iPhoneSimulator.Build.0 = Release|Any CPU
		{3FB52A4A-FB84-430E-B7CF-A7895924546A}.AppStore|iPhoneSimulator.Deploy.0 = Release|Any CPU
		{3FB52A4A-FB84-430E-B7CF-A7895924546A}.AppStore|x64.ActiveCfg = Release|Any CPU
		{3FB52A4A-FB84-430E-B7CF-A7895924546A}.AppStore|x64.Build.0 = Release|Any CPU
		{3FB52A4A-FB84-430E-B7CF-A7895924546A}.AppStore|x64.Deploy.0 = Release|Any CPU
		{3FB52A4A-FB84-430E-B7CF-A7895924546A}.AppStore|x86.ActiveCfg = Release|Any CPU
		{3FB52A4A-FB84-430E-B7CF-A7895924546A}.AppStore|x86.Build.0 = Release|Any CPU
		{3FB52A4A-FB84-430E-B7CF-A7895924546A}.AppStore|x86.Deploy.0 = Release|Any CPU
		{3FB52A4A-FB84-430E-B7CF-A7895924546A}.Debug|Any CPU.ActiveCfg = Debug|Any CPU
		{3FB52A4A-FB84-430E-B7CF-A7895924546A}.Debug|Any CPU.Build.0 = Debug|Any CPU
		{3FB52A4A-FB84-430E-B7CF-A7895924546A}.Debug|Any CPU.Deploy.0 = Debug|Any CPU
		{3FB52A4A-FB84-430E-B7CF-A7895924546A}.Debug|ARM.ActiveCfg = Debug|Any CPU
		{3FB52A4A-FB84-430E-B7CF-A7895924546A}.Debug|ARM.Build.0 = Debug|Any CPU
		{3FB52A4A-FB84-430E-B7CF-A7895924546A}.Debug|ARM.Deploy.0 = Debug|Any CPU
		{3FB52A4A-FB84-430E-B7CF-A7895924546A}.Debug|iPhone.ActiveCfg = Debug|Any CPU
		{3FB52A4A-FB84-430E-B7CF-A7895924546A}.Debug|iPhone.Build.0 = Debug|Any CPU
		{3FB52A4A-FB84-430E-B7CF-A7895924546A}.Debug|iPhone.Deploy.0 = Debug|Any CPU
		{3FB52A4A-FB84-430E-B7CF-A7895924546A}.Debug|iPhoneSimulator.ActiveCfg = Debug|Any CPU
		{3FB52A4A-FB84-430E-B7CF-A7895924546A}.Debug|iPhoneSimulator.Build.0 = Debug|Any CPU
		{3FB52A4A-FB84-430E-B7CF-A7895924546A}.Debug|iPhoneSimulator.Deploy.0 = Debug|Any CPU
		{3FB52A4A-FB84-430E-B7CF-A7895924546A}.Debug|x64.ActiveCfg = Debug|Any CPU
		{3FB52A4A-FB84-430E-B7CF-A7895924546A}.Debug|x64.Build.0 = Debug|Any CPU
		{3FB52A4A-FB84-430E-B7CF-A7895924546A}.Debug|x64.Deploy.0 = Debug|Any CPU
		{3FB52A4A-FB84-430E-B7CF-A7895924546A}.Debug|x86.ActiveCfg = Debug|Any CPU
		{3FB52A4A-FB84-430E-B7CF-A7895924546A}.Debug|x86.Build.0 = Debug|Any CPU
		{3FB52A4A-FB84-430E-B7CF-A7895924546A}.Debug|x86.Deploy.0 = Debug|Any CPU
		{3FB52A4A-FB84-430E-B7CF-A7895924546A}.Release|Any CPU.ActiveCfg = Release|Any CPU
		{3FB52A4A-FB84-430E-B7CF-A7895924546A}.Release|Any CPU.Build.0 = Release|Any CPU
		{3FB52A4A-FB84-430E-B7CF-A7895924546A}.Release|Any CPU.Deploy.0 = Release|Any CPU
		{3FB52A4A-FB84-430E-B7CF-A7895924546A}.Release|ARM.ActiveCfg = Release|Any CPU
		{3FB52A4A-FB84-430E-B7CF-A7895924546A}.Release|ARM.Build.0 = Release|Any CPU
		{3FB52A4A-FB84-430E-B7CF-A7895924546A}.Release|ARM.Deploy.0 = Release|Any CPU
		{3FB52A4A-FB84-430E-B7CF-A7895924546A}.Release|iPhone.ActiveCfg = Release|Any CPU
		{3FB52A4A-FB84-430E-B7CF-A7895924546A}.Release|iPhone.Build.0 = Release|Any CPU
		{3FB52A4A-FB84-430E-B7CF-A7895924546A}.Release|iPhone.Deploy.0 = Release|Any CPU
		{3FB52A4A-FB84-430E-B7CF-A7895924546A}.Release|iPhoneSimulator.ActiveCfg = Release|Any CPU
		{3FB52A4A-FB84-430E-B7CF-A7895924546A}.Release|iPhoneSimulator.Build.0 = Release|Any CPU
		{3FB52A4A-FB84-430E-B7CF-A7895924546A}.Release|iPhoneSimulator.Deploy.0 = Release|Any CPU
		{3FB52A4A-FB84-430E-B7CF-A7895924546A}.Release|x64.ActiveCfg = Release|Any CPU
		{3FB52A4A-FB84-430E-B7CF-A7895924546A}.Release|x64.Build.0 = Release|Any CPU
		{3FB52A4A-FB84-430E-B7CF-A7895924546A}.Release|x64.Deploy.0 = Release|Any CPU
		{3FB52A4A-FB84-430E-B7CF-A7895924546A}.Release|x86.ActiveCfg = Release|Any CPU
		{3FB52A4A-FB84-430E-B7CF-A7895924546A}.Release|x86.Build.0 = Release|Any CPU
		{3FB52A4A-FB84-430E-B7CF-A7895924546A}.Release|x86.Deploy.0 = Release|Any CPU
		{D0CC2CF8-70D7-4FCF-951F-F0B860E5C846}.Ad-Hoc|Any CPU.ActiveCfg = Release|Any CPU
		{D0CC2CF8-70D7-4FCF-951F-F0B860E5C846}.Ad-Hoc|Any CPU.Build.0 = Release|Any CPU
		{D0CC2CF8-70D7-4FCF-951F-F0B860E5C846}.Ad-Hoc|ARM.ActiveCfg = Release|Any CPU
		{D0CC2CF8-70D7-4FCF-951F-F0B860E5C846}.Ad-Hoc|ARM.Build.0 = Release|Any CPU
		{D0CC2CF8-70D7-4FCF-951F-F0B860E5C846}.Ad-Hoc|iPhone.ActiveCfg = Release|Any CPU
		{D0CC2CF8-70D7-4FCF-951F-F0B860E5C846}.Ad-Hoc|iPhone.Build.0 = Release|Any CPU
		{D0CC2CF8-70D7-4FCF-951F-F0B860E5C846}.Ad-Hoc|iPhoneSimulator.ActiveCfg = Release|Any CPU
		{D0CC2CF8-70D7-4FCF-951F-F0B860E5C846}.Ad-Hoc|iPhoneSimulator.Build.0 = Release|Any CPU
		{D0CC2CF8-70D7-4FCF-951F-F0B860E5C846}.Ad-Hoc|x64.ActiveCfg = Release|Any CPU
		{D0CC2CF8-70D7-4FCF-951F-F0B860E5C846}.Ad-Hoc|x64.Build.0 = Release|Any CPU
		{D0CC2CF8-70D7-4FCF-951F-F0B860E5C846}.Ad-Hoc|x86.ActiveCfg = Release|Any CPU
		{D0CC2CF8-70D7-4FCF-951F-F0B860E5C846}.Ad-Hoc|x86.Build.0 = Release|Any CPU
		{D0CC2CF8-70D7-4FCF-951F-F0B860E5C846}.AppStore|Any CPU.ActiveCfg = Release|Any CPU
		{D0CC2CF8-70D7-4FCF-951F-F0B860E5C846}.AppStore|Any CPU.Build.0 = Release|Any CPU
		{D0CC2CF8-70D7-4FCF-951F-F0B860E5C846}.AppStore|ARM.ActiveCfg = Release|Any CPU
		{D0CC2CF8-70D7-4FCF-951F-F0B860E5C846}.AppStore|ARM.Build.0 = Release|Any CPU
		{D0CC2CF8-70D7-4FCF-951F-F0B860E5C846}.AppStore|iPhone.ActiveCfg = Release|Any CPU
		{D0CC2CF8-70D7-4FCF-951F-F0B860E5C846}.AppStore|iPhone.Build.0 = Release|Any CPU
		{D0CC2CF8-70D7-4FCF-951F-F0B860E5C846}.AppStore|iPhoneSimulator.ActiveCfg = Release|Any CPU
		{D0CC2CF8-70D7-4FCF-951F-F0B860E5C846}.AppStore|iPhoneSimulator.Build.0 = Release|Any CPU
		{D0CC2CF8-70D7-4FCF-951F-F0B860E5C846}.AppStore|x64.ActiveCfg = Release|Any CPU
		{D0CC2CF8-70D7-4FCF-951F-F0B860E5C846}.AppStore|x64.Build.0 = Release|Any CPU
		{D0CC2CF8-70D7-4FCF-951F-F0B860E5C846}.AppStore|x86.ActiveCfg = Release|Any CPU
		{D0CC2CF8-70D7-4FCF-951F-F0B860E5C846}.AppStore|x86.Build.0 = Release|Any CPU
		{D0CC2CF8-70D7-4FCF-951F-F0B860E5C846}.Debug|Any CPU.ActiveCfg = Debug|Any CPU
		{D0CC2CF8-70D7-4FCF-951F-F0B860E5C846}.Debug|Any CPU.Build.0 = Debug|Any CPU
		{D0CC2CF8-70D7-4FCF-951F-F0B860E5C846}.Debug|ARM.ActiveCfg = Debug|Any CPU
		{D0CC2CF8-70D7-4FCF-951F-F0B860E5C846}.Debug|ARM.Build.0 = Debug|Any CPU
		{D0CC2CF8-70D7-4FCF-951F-F0B860E5C846}.Debug|iPhone.ActiveCfg = Debug|Any CPU
		{D0CC2CF8-70D7-4FCF-951F-F0B860E5C846}.Debug|iPhone.Build.0 = Debug|Any CPU
		{D0CC2CF8-70D7-4FCF-951F-F0B860E5C846}.Debug|iPhoneSimulator.ActiveCfg = Debug|Any CPU
		{D0CC2CF8-70D7-4FCF-951F-F0B860E5C846}.Debug|iPhoneSimulator.Build.0 = Debug|Any CPU
		{D0CC2CF8-70D7-4FCF-951F-F0B860E5C846}.Debug|x64.ActiveCfg = Debug|Any CPU
		{D0CC2CF8-70D7-4FCF-951F-F0B860E5C846}.Debug|x64.Build.0 = Debug|Any CPU
		{D0CC2CF8-70D7-4FCF-951F-F0B860E5C846}.Debug|x86.ActiveCfg = Debug|Any CPU
		{D0CC2CF8-70D7-4FCF-951F-F0B860E5C846}.Debug|x86.Build.0 = Debug|Any CPU
		{D0CC2CF8-70D7-4FCF-951F-F0B860E5C846}.Release|Any CPU.ActiveCfg = Release|Any CPU
		{D0CC2CF8-70D7-4FCF-951F-F0B860E5C846}.Release|Any CPU.Build.0 = Release|Any CPU
		{D0CC2CF8-70D7-4FCF-951F-F0B860E5C846}.Release|ARM.ActiveCfg = Release|Any CPU
		{D0CC2CF8-70D7-4FCF-951F-F0B860E5C846}.Release|ARM.Build.0 = Release|Any CPU
		{D0CC2CF8-70D7-4FCF-951F-F0B860E5C846}.Release|iPhone.ActiveCfg = Release|Any CPU
		{D0CC2CF8-70D7-4FCF-951F-F0B860E5C846}.Release|iPhone.Build.0 = Release|Any CPU
		{D0CC2CF8-70D7-4FCF-951F-F0B860E5C846}.Release|iPhoneSimulator.ActiveCfg = Release|Any CPU
		{D0CC2CF8-70D7-4FCF-951F-F0B860E5C846}.Release|iPhoneSimulator.Build.0 = Release|Any CPU
		{D0CC2CF8-70D7-4FCF-951F-F0B860E5C846}.Release|x64.ActiveCfg = Release|Any CPU
		{D0CC2CF8-70D7-4FCF-951F-F0B860E5C846}.Release|x64.Build.0 = Release|Any CPU
		{D0CC2CF8-70D7-4FCF-951F-F0B860E5C846}.Release|x86.ActiveCfg = Release|Any CPU
		{D0CC2CF8-70D7-4FCF-951F-F0B860E5C846}.Release|x86.Build.0 = Release|Any CPU
		{70A997D8-0139-48A5-968F-79B37D46A57C}.Ad-Hoc|Any CPU.ActiveCfg = Release|x86
		{70A997D8-0139-48A5-968F-79B37D46A57C}.Ad-Hoc|Any CPU.Build.0 = Release|x86
		{70A997D8-0139-48A5-968F-79B37D46A57C}.Ad-Hoc|Any CPU.Deploy.0 = Release|x86
		{70A997D8-0139-48A5-968F-79B37D46A57C}.Ad-Hoc|ARM.ActiveCfg = Release|ARM
		{70A997D8-0139-48A5-968F-79B37D46A57C}.Ad-Hoc|ARM.Build.0 = Release|ARM
		{70A997D8-0139-48A5-968F-79B37D46A57C}.Ad-Hoc|ARM.Deploy.0 = Release|ARM
		{70A997D8-0139-48A5-968F-79B37D46A57C}.Ad-Hoc|iPhone.ActiveCfg = Release|x86
		{70A997D8-0139-48A5-968F-79B37D46A57C}.Ad-Hoc|iPhone.Build.0 = Release|x86
		{70A997D8-0139-48A5-968F-79B37D46A57C}.Ad-Hoc|iPhone.Deploy.0 = Release|x86
		{70A997D8-0139-48A5-968F-79B37D46A57C}.Ad-Hoc|iPhoneSimulator.ActiveCfg = Release|x86
		{70A997D8-0139-48A5-968F-79B37D46A57C}.Ad-Hoc|iPhoneSimulator.Build.0 = Release|x86
		{70A997D8-0139-48A5-968F-79B37D46A57C}.Ad-Hoc|iPhoneSimulator.Deploy.0 = Release|x86
		{70A997D8-0139-48A5-968F-79B37D46A57C}.Ad-Hoc|x64.ActiveCfg = Release|x64
		{70A997D8-0139-48A5-968F-79B37D46A57C}.Ad-Hoc|x64.Build.0 = Release|x64
		{70A997D8-0139-48A5-968F-79B37D46A57C}.Ad-Hoc|x64.Deploy.0 = Release|x64
		{70A997D8-0139-48A5-968F-79B37D46A57C}.Ad-Hoc|x86.ActiveCfg = Release|x86
		{70A997D8-0139-48A5-968F-79B37D46A57C}.Ad-Hoc|x86.Build.0 = Release|x86
		{70A997D8-0139-48A5-968F-79B37D46A57C}.Ad-Hoc|x86.Deploy.0 = Release|x86
		{70A997D8-0139-48A5-968F-79B37D46A57C}.AppStore|Any CPU.ActiveCfg = Release|x86
		{70A997D8-0139-48A5-968F-79B37D46A57C}.AppStore|Any CPU.Build.0 = Release|x86
		{70A997D8-0139-48A5-968F-79B37D46A57C}.AppStore|Any CPU.Deploy.0 = Release|x86
		{70A997D8-0139-48A5-968F-79B37D46A57C}.AppStore|ARM.ActiveCfg = Release|ARM
		{70A997D8-0139-48A5-968F-79B37D46A57C}.AppStore|ARM.Build.0 = Release|ARM
		{70A997D8-0139-48A5-968F-79B37D46A57C}.AppStore|ARM.Deploy.0 = Release|ARM
		{70A997D8-0139-48A5-968F-79B37D46A57C}.AppStore|iPhone.ActiveCfg = Release|x86
		{70A997D8-0139-48A5-968F-79B37D46A57C}.AppStore|iPhone.Build.0 = Release|x86
		{70A997D8-0139-48A5-968F-79B37D46A57C}.AppStore|iPhone.Deploy.0 = Release|x86
		{70A997D8-0139-48A5-968F-79B37D46A57C}.AppStore|iPhoneSimulator.ActiveCfg = Release|x86
		{70A997D8-0139-48A5-968F-79B37D46A57C}.AppStore|iPhoneSimulator.Build.0 = Release|x86
		{70A997D8-0139-48A5-968F-79B37D46A57C}.AppStore|iPhoneSimulator.Deploy.0 = Release|x86
		{70A997D8-0139-48A5-968F-79B37D46A57C}.AppStore|x64.ActiveCfg = Release|x64
		{70A997D8-0139-48A5-968F-79B37D46A57C}.AppStore|x64.Build.0 = Release|x64
		{70A997D8-0139-48A5-968F-79B37D46A57C}.AppStore|x64.Deploy.0 = Release|x64
		{70A997D8-0139-48A5-968F-79B37D46A57C}.AppStore|x86.ActiveCfg = Release|x86
		{70A997D8-0139-48A5-968F-79B37D46A57C}.AppStore|x86.Build.0 = Release|x86
		{70A997D8-0139-48A5-968F-79B37D46A57C}.AppStore|x86.Deploy.0 = Release|x86
		{70A997D8-0139-48A5-968F-79B37D46A57C}.Debug|Any CPU.ActiveCfg = Debug|x86
		{70A997D8-0139-48A5-968F-79B37D46A57C}.Debug|Any CPU.Build.0 = Debug|x86
		{70A997D8-0139-48A5-968F-79B37D46A57C}.Debug|Any CPU.Deploy.0 = Debug|x86
		{70A997D8-0139-48A5-968F-79B37D46A57C}.Debug|ARM.ActiveCfg = Debug|ARM
		{70A997D8-0139-48A5-968F-79B37D46A57C}.Debug|ARM.Build.0 = Debug|ARM
		{70A997D8-0139-48A5-968F-79B37D46A57C}.Debug|ARM.Deploy.0 = Debug|ARM
		{70A997D8-0139-48A5-968F-79B37D46A57C}.Debug|iPhone.ActiveCfg = Debug|x86
		{70A997D8-0139-48A5-968F-79B37D46A57C}.Debug|iPhoneSimulator.ActiveCfg = Debug|x86
		{70A997D8-0139-48A5-968F-79B37D46A57C}.Debug|x64.ActiveCfg = Debug|x64
		{70A997D8-0139-48A5-968F-79B37D46A57C}.Debug|x64.Build.0 = Debug|x64
		{70A997D8-0139-48A5-968F-79B37D46A57C}.Debug|x64.Deploy.0 = Debug|x64
		{70A997D8-0139-48A5-968F-79B37D46A57C}.Debug|x86.ActiveCfg = Debug|x86
		{70A997D8-0139-48A5-968F-79B37D46A57C}.Debug|x86.Build.0 = Debug|x86
		{70A997D8-0139-48A5-968F-79B37D46A57C}.Debug|x86.Deploy.0 = Debug|x86
		{70A997D8-0139-48A5-968F-79B37D46A57C}.Release|Any CPU.ActiveCfg = Release|x86
		{70A997D8-0139-48A5-968F-79B37D46A57C}.Release|ARM.ActiveCfg = Release|ARM
		{70A997D8-0139-48A5-968F-79B37D46A57C}.Release|ARM.Build.0 = Release|ARM
		{70A997D8-0139-48A5-968F-79B37D46A57C}.Release|ARM.Deploy.0 = Release|ARM
		{70A997D8-0139-48A5-968F-79B37D46A57C}.Release|iPhone.ActiveCfg = Release|x86
		{70A997D8-0139-48A5-968F-79B37D46A57C}.Release|iPhoneSimulator.ActiveCfg = Release|x86
		{70A997D8-0139-48A5-968F-79B37D46A57C}.Release|x64.ActiveCfg = Release|x64
		{70A997D8-0139-48A5-968F-79B37D46A57C}.Release|x64.Build.0 = Release|x64
		{70A997D8-0139-48A5-968F-79B37D46A57C}.Release|x64.Deploy.0 = Release|x64
		{70A997D8-0139-48A5-968F-79B37D46A57C}.Release|x86.ActiveCfg = Release|x86
		{70A997D8-0139-48A5-968F-79B37D46A57C}.Release|x86.Build.0 = Release|x86
		{70A997D8-0139-48A5-968F-79B37D46A57C}.Release|x86.Deploy.0 = Release|x86
		{188D3C7E-DD07-4AED-9943-BEA4882F9548}.Ad-Hoc|Any CPU.ActiveCfg = Ad-Hoc|iPhone
		{188D3C7E-DD07-4AED-9943-BEA4882F9548}.Ad-Hoc|ARM.ActiveCfg = Ad-Hoc|iPhone
		{188D3C7E-DD07-4AED-9943-BEA4882F9548}.Ad-Hoc|iPhone.ActiveCfg = Ad-Hoc|iPhone
		{188D3C7E-DD07-4AED-9943-BEA4882F9548}.Ad-Hoc|iPhone.Build.0 = Ad-Hoc|iPhone
		{188D3C7E-DD07-4AED-9943-BEA4882F9548}.Ad-Hoc|iPhoneSimulator.ActiveCfg = Ad-Hoc|iPhoneSimulator
		{188D3C7E-DD07-4AED-9943-BEA4882F9548}.Ad-Hoc|iPhoneSimulator.Build.0 = Ad-Hoc|iPhoneSimulator
		{188D3C7E-DD07-4AED-9943-BEA4882F9548}.Ad-Hoc|x64.ActiveCfg = Ad-Hoc|iPhone
		{188D3C7E-DD07-4AED-9943-BEA4882F9548}.Ad-Hoc|x86.ActiveCfg = Ad-Hoc|iPhone
		{188D3C7E-DD07-4AED-9943-BEA4882F9548}.AppStore|Any CPU.ActiveCfg = AppStore|iPhone
		{188D3C7E-DD07-4AED-9943-BEA4882F9548}.AppStore|ARM.ActiveCfg = AppStore|iPhone
		{188D3C7E-DD07-4AED-9943-BEA4882F9548}.AppStore|iPhone.ActiveCfg = AppStore|iPhone
		{188D3C7E-DD07-4AED-9943-BEA4882F9548}.AppStore|iPhone.Build.0 = AppStore|iPhone
		{188D3C7E-DD07-4AED-9943-BEA4882F9548}.AppStore|iPhoneSimulator.ActiveCfg = AppStore|iPhoneSimulator
		{188D3C7E-DD07-4AED-9943-BEA4882F9548}.AppStore|iPhoneSimulator.Build.0 = AppStore|iPhoneSimulator
		{188D3C7E-DD07-4AED-9943-BEA4882F9548}.AppStore|x64.ActiveCfg = AppStore|iPhone
		{188D3C7E-DD07-4AED-9943-BEA4882F9548}.AppStore|x86.ActiveCfg = AppStore|iPhone
		{188D3C7E-DD07-4AED-9943-BEA4882F9548}.Debug|Any CPU.ActiveCfg = Debug|iPhone
		{188D3C7E-DD07-4AED-9943-BEA4882F9548}.Debug|ARM.ActiveCfg = Debug|iPhone
		{188D3C7E-DD07-4AED-9943-BEA4882F9548}.Debug|iPhone.ActiveCfg = Debug|iPhone
		{188D3C7E-DD07-4AED-9943-BEA4882F9548}.Debug|iPhone.Build.0 = Debug|iPhone
		{188D3C7E-DD07-4AED-9943-BEA4882F9548}.Debug|iPhoneSimulator.ActiveCfg = Debug|iPhoneSimulator
		{188D3C7E-DD07-4AED-9943-BEA4882F9548}.Debug|iPhoneSimulator.Build.0 = Debug|iPhoneSimulator
		{188D3C7E-DD07-4AED-9943-BEA4882F9548}.Debug|x64.ActiveCfg = Debug|iPhone
		{188D3C7E-DD07-4AED-9943-BEA4882F9548}.Debug|x86.ActiveCfg = Debug|iPhone
		{188D3C7E-DD07-4AED-9943-BEA4882F9548}.Release|Any CPU.ActiveCfg = Release|iPhone
		{188D3C7E-DD07-4AED-9943-BEA4882F9548}.Release|ARM.ActiveCfg = Release|iPhone
		{188D3C7E-DD07-4AED-9943-BEA4882F9548}.Release|iPhone.ActiveCfg = Release|iPhone
		{188D3C7E-DD07-4AED-9943-BEA4882F9548}.Release|iPhone.Build.0 = Release|iPhone
		{188D3C7E-DD07-4AED-9943-BEA4882F9548}.Release|iPhoneSimulator.ActiveCfg = Release|iPhoneSimulator
		{188D3C7E-DD07-4AED-9943-BEA4882F9548}.Release|iPhoneSimulator.Build.0 = Release|iPhoneSimulator
		{188D3C7E-DD07-4AED-9943-BEA4882F9548}.Release|x64.ActiveCfg = Release|iPhone
		{188D3C7E-DD07-4AED-9943-BEA4882F9548}.Release|x86.ActiveCfg = Release|iPhone
	EndGlobalSection
	GlobalSection(SolutionProperties) = preSolution
		HideSolutionNode = FALSE
	EndGlobalSection
	GlobalSection(NestedProjects) = preSolution
		{3FB52A4A-FB84-430E-B7CF-A7895924546A} = {47F31AED-0FCD-4034-9ACF-7E8B438A3490}
		{D0CC2CF8-70D7-4FCF-951F-F0B860E5C846} = {D6580C2D-E850-44CA-960A-2DDD1A5F5AB4}
		{70A997D8-0139-48A5-968F-79B37D46A57C} = {47F31AED-0FCD-4034-9ACF-7E8B438A3490}
		{188D3C7E-DD07-4AED-9943-BEA4882F9548} = {47F31AED-0FCD-4034-9ACF-7E8B438A3490}
	EndGlobalSection
	GlobalSection(TeamFoundationVersionControl) = preSolution
		SccNumberOfProjects = 5
		SccEnterpriseProvider = {4CA58AB2-18FA-4F8D-95D4-32DDF27D184C}
		SccTeamFoundationServer = https://marcoantonioblanco.visualstudio.com/
		SccLocalPath0 = .
		SccProjectUniqueName1 = Krillin.App\\Krillin.App.Android\\Krillin.App.Android.csproj
		SccProjectTopLevelParentUniqueName1 = Krillin.App.sln
		SccProjectName1 = Krillin.App/Krillin.App.Android
		SccLocalPath1 = Krillin.App\\Krillin.App.Android
		SccProjectUniqueName2 = Krillin.App\\Krillin.App.iOS\\Krillin.App.iOS.csproj
		SccProjectTopLevelParentUniqueName2 = Krillin.App.sln
		SccProjectName2 = Krillin.App/Krillin.App.iOS
		SccLocalPath2 = Krillin.App\\Krillin.App.iOS
		SccProjectUniqueName3 = Krillin.App\\Krillin.App.UWP\\Krillin.App.UWP.csproj
		SccProjectTopLevelParentUniqueName3 = Krillin.App.sln
		SccProjectName3 = Krillin.App/Krillin.App.UWP
		SccLocalPath3 = Krillin.App\\Krillin.App.UWP
		SccProjectUniqueName4 = Krillin.App\\Krillin.App\\Krillin.App.csproj
		SccProjectTopLevelParentUniqueName4 = Krillin.App.sln
		SccProjectName4 = Krillin.App/Krillin.App
		SccLocalPath4 = Krillin.App\\Krillin.App
	EndGlobalSection
EndGlobal
